
Microsoft Visual Studio Solution File, Format Version 12.00
# Visual Studio Version 17
VisualStudioVersion = 17.14.36518.9 d17.14
MinimumVisualStudioVersion = 10.0.40219.1
Project("{FAE04EC0-301F-11D3-BF4B-00C04F79EFBC}") = "Namazpc", "Namazpc\Namazpc.csproj", "{5986D304-CAC3-4F79-8787-72A538E269E8}"
EndProject
Global
	GlobalSection(SolutionConfigurationPlatforms) = preSolution
		Debug|Any CPU = Debug|Any CPU
		Release|Any CPU = Release|Any CPU
	EndGlobalSection
	GlobalSection(ProjectConfigurationPlatforms) = postSolution
		{5986D304-CAC3-4F79-8787-72A538E269E8}.Debug|Any CPU.ActiveCfg = Debug|Any CPU
		{5986D304-CAC3-4F79-8787-72A538E269E8}.Debug|Any CPU.Build.0 = Debug|Any CPU
		{5986D304-CAC3-4F79-8787-72A538E269E8}.Release|Any CPU.ActiveCfg = Release|Any CPU
		{5986D304-CAC3-4F79-8787-72A538E269E8}.Release|Any CPU.Build.0 = Release|Any CPU
	EndGlobalSection
	GlobalSection(SolutionProperties) = preSolution
		HideSolutionNode = FALSE
	EndGlobalSection
	GlobalSection(ExtensibilityGlobals) = postSolution
		SolutionGuid = {311F5DB6-AC64-4080-89C7-B1D101D18FFA}
	EndGlobalSection
EndGlobal
